// !$*UTF8*$!
{
	archiveVersion = 1;
	classes = {
	};
	objectVersion = 56;
	objects = {

/* Begin PBXBuildFile section */
		1C088B282ADECCCA00007049 /* BottomTabBar.swift in Sources */ = {isa = PBXBuildFile; fileRef = 1C088B272ADECCCA00007049 /* BottomTabBar.swift */; };
		1C088B2A2ADEE45A00007049 /* PromoCard.swift in Sources */ = {isa = PBXBuildFile; fileRef = 1C088B292ADEE45A00007049 /* PromoCard.swift */; };
		1C088B2C2ADEFD2E00007049 /* Cards.swift in Sources */ = {isa = PBXBuildFile; fileRef = 1C088B2B2ADEFD2E00007049 /* Cards.swift */; };
		1C088B2F2ADF166000007049 /* CardsClass.swift in Sources */ = {isa = PBXBuildFile; fileRef = 1C088B2E2ADF166000007049 /* CardsClass.swift */; };
		1C088B312ADF17ED00007049 /* NotificationsView.swift in Sources */ = {isa = PBXBuildFile; fileRef = 1C088B302ADF17ED00007049 /* NotificationsView.swift */; };
		1C088B332ADF182300007049 /* OrdersView.swift in Sources */ = {isa = PBXBuildFile; fileRef = 1C088B322ADF182300007049 /* OrdersView.swift */; };
		1C088B352ADF182E00007049 /* LikedItemsView.swift in Sources */ = {isa = PBXBuildFile; fileRef = 1C088B342ADF182E00007049 /* LikedItemsView.swift */; };
		1C6240A92ADE9559002223F9 /* CoffeeApp.swift in Sources */ = {isa = PBXBuildFile; fileRef = 1C6240A82ADE9559002223F9 /* CoffeeApp.swift */; };
		1C6240AB2ADE9559002223F9 /* LandingView.swift in Sources */ = {isa = PBXBuildFile; fileRef = 1C6240AA2ADE9559002223F9 /* LandingView.swift */; };
		1C6240AD2ADE955C002223F9 /* Assets.xcassets in Resources */ = {isa = PBXBuildFile; fileRef = 1C6240AC2ADE955C002223F9 /* Assets.xcassets */; };
		1C6240B02ADE955C002223F9 /* Preview Assets.xcassets in Resources */ = {isa = PBXBuildFile; fileRef = 1C6240AF2ADE955C002223F9 /* Preview Assets.xcassets */; };
		1C6240B82ADEB914002223F9 /* HomeView.swift in Sources */ = {isa = PBXBuildFile; fileRef = 1C6240B72ADEB914002223F9 /* HomeView.swift */; };
/* End PBXBuildFile section */

/* Begin PBXFileReference section */
		1C088B272ADECCCA00007049 /* BottomTabBar.swift */ = {isa = PBXFileReference; lastKnownFileType = sourcecode.swift; path = BottomTabBar.swift; sourceTree = "<group>"; };
		1C088B292ADEE45A00007049 /* PromoCard.swift */ = {isa = PBXFileReference; lastKnownFileType = sourcecode.swift; path = PromoCard.swift; sourceTree = "<group>"; };
		1C088B2B2ADEFD2E00007049 /* Cards.swift */ = {isa = PBXFileReference; lastKnownFileType = sourcecode.swift; path = Cards.swift; sourceTree = "<group>"; };
		1C088B2E2ADF166000007049 /* CardsClass.swift */ = {isa = PBXFileReference; lastKnownFileType = sourcecode.swift; path = CardsClass.swift; sourceTree = "<group>"; };
		1C088B302ADF17ED00007049 /* NotificationsView.swift */ = {isa = PBXFileReference; lastKnownFileType = sourcecode.swift; path = NotificationsView.swift; sourceTree = "<group>"; };
		1C088B322ADF182300007049 /* OrdersView.swift */ = {isa = PBXFileReference; lastKnownFileType = sourcecode.swift; path = OrdersView.swift; sourceTree = "<group>"; };
		1C088B342ADF182E00007049 /* LikedItemsView.swift */ = {isa = PBXFileReference; lastKnownFileType = sourcecode.swift; path = LikedItemsView.swift; sourceTree = "<group>"; };
		1C6240A52ADE9559002223F9 /* Coffee.app */ = {isa = PBXFileReference; explicitFileType = wrapper.application; includeInIndex = 0; path = Coffee.app; sourceTree = BUILT_PRODUCTS_DIR; };
		1C6240A82ADE9559002223F9 /* CoffeeApp.swift */ = {isa = PBXFileReference; lastKnownFileType = sourcecode.swift; path = CoffeeApp.swift; sourceTree = "<group>"; };
		1C6240AA2ADE9559002223F9 /* LandingView.swift */ = {isa = PBXFileReference; lastKnownFileType = sourcecode.swift; path = LandingView.swift; sourceTree = "<group>"; };
		1C6240AC2ADE955C002223F9 /* Assets.xcassets */ = {isa = PBXFileReference; lastKnownFileType = folder.assetcatalog; path = Assets.xcassets; sourceTree = "<group>"; };
		1C6240AF2ADE955C002223F9 /* Preview Assets.xcassets */ = {isa = PBXFileReference; lastKnownFileType = folder.assetcatalog; path = "Preview Assets.xcassets"; sourceTree = "<group>"; };
		1C6240B72ADEB914002223F9 /* HomeView.swift */ = {isa = PBXFileReference; lastKnownFileType = sourcecode.swift; path = HomeView.swift; sourceTree = "<group>"; };
/* End PBXFileReference section */

/* Begin PBXFrameworksBuildPhase section */
		1C6240A22ADE9559002223F9 /* Frameworks */ = {
			isa = PBXFrameworksBuildPhase;
			buildActionMask = 2147483647;
			files = (
			);
			runOnlyForDeploymentPostprocessing = 0;
		};
/* End PBXFrameworksBuildPhase section */

/* Begin PBXGroup section */
		1C088B262ADECCB400007049 /* CustomControls */ = {
			isa = PBXGroup;
			children = (
				1C088B272ADECCCA00007049 /* BottomTabBar.swift */,
				1C088B292ADEE45A00007049 /* PromoCard.swift */,
				1C088B2B2ADEFD2E00007049 /* Cards.swift */,
			);
			path = CustomControls;
			sourceTree = "<group>";
		};
		1C088B2D2ADF164E00007049 /* Models */ = {
			isa = PBXGroup;
			children = (
				1C088B2E2ADF166000007049 /* CardsClass.swift */,
			);
			path = Models;
			sourceTree = "<group>";
		};
		1C62409C2ADE9559002223F9 = {
			isa = PBXGroup;
			children = (
				1C6240A72ADE9559002223F9 /* Coffee */,
				1C6240A62ADE9559002223F9 /* Products */,
			);
			sourceTree = "<group>";
		};
		1C6240A62ADE9559002223F9 /* Products */ = {
			isa = PBXGroup;
			children = (
				1C6240A52ADE9559002223F9 /* Coffee.app */,
			);
			name = Products;
			sourceTree = "<group>";
		};
		1C6240A72ADE9559002223F9 /* Coffee */ = {
			isa = PBXGroup;
			children = (
				1C088B2D2ADF164E00007049 /* Models */,
				1C088B262ADECCB400007049 /* CustomControls */,
				1C6240B62ADE9564002223F9 /* Views */,
				1C6240A82ADE9559002223F9 /* CoffeeApp.swift */,
				1C6240AC2ADE955C002223F9 /* Assets.xcassets */,
				1C6240AE2ADE955C002223F9 /* Preview Content */,
			);
			path = Coffee;
			sourceTree = "<group>";
		};
		1C6240AE2ADE955C002223F9 /* Preview Content */ = {
			isa = PBXGroup;
			children = (
				1C6240AF2ADE955C002223F9 /* Preview Assets.xcassets */,
			);
			path = "Preview Content";
			sourceTree = "<group>";
		};
		1C6240B62ADE9564002223F9 /* Views */ = {
			isa = PBXGroup;
			children = (
				1C6240AA2ADE9559002223F9 /* LandingView.swift */,
				1C6240B72ADEB914002223F9 /* HomeView.swift */,
				1C088B302ADF17ED00007049 /* NotificationsView.swift */,
				1C088B322ADF182300007049 /* OrdersView.swift */,
				1C088B342ADF182E00007049 /* LikedItemsView.swift */,
			);
			path = Views;
			sourceTree = "<group>";
		};
/* End PBXGroup section */

/* Begin PBXNativeTarget section */
		1C6240A42ADE9559002223F9 /* Coffee */ = {
			isa = PBXNativeTarget;
			buildConfigurationList = 1C6240B32ADE955C002223F9 /* Build configuration list for PBXNativeTarget "Coffee" */;
			buildPhases = (
				1C6240A12ADE9559002223F9 /* Sources */,
				1C6240A22ADE9559002223F9 /* Frameworks */,
				1C6240A32ADE9559002223F9 /* Resources */,
			);
			buildRules = (
			);
			dependencies = (
			);
			name = Coffee;
			productName = Coffee;
			productReference = 1C6240A52ADE9559002223F9 /* Coffee.app */;
			productType = "com.apple.product-type.application";
		};
/* End PBXNativeTarget section */

/* Begin PBXProject section */
		1C62409D2ADE9559002223F9 /* Project object */ = {
			isa = PBXProject;
			attributes = {
				BuildIndependentTargetsInParallel = 1;
				LastSwiftUpdateCheck = 1500;
				LastUpgradeCheck = 1500;
				TargetAttributes = {
					1C6240A42ADE9559002223F9 = {
						CreatedOnToolsVersion = 15.0;
					};
				};
			};
			buildConfigurationList = 1C6240A02ADE9559002223F9 /* Build configuration list for PBXProject "Coffee" */;
			compatibilityVersion = "Xcode 14.0";
			developmentRegion = en;
			hasScannedForEncodings = 0;
			knownRegions = (
				en,
				Base,
			);
			mainGroup = 1C62409C2ADE9559002223F9;
			productRefGroup = 1C6240A62ADE9559002223F9 /* Products */;
			projectDirPath = "";
			projectRoot = "";
			targets = (
				1C6240A42ADE9559002223F9 /* Coffee */,
			);
		};
/* End PBXProject section */

/* Begin PBXResourcesBuildPhase section */
		1C6240A32ADE9559002223F9 /* Resources */ = {
			isa = PBXResourcesBuildPhase;
			buildActionMask = 2147483647;
			files = (
				1C6240B02ADE955C002223F9 /* Preview Assets.xcassets in Resources */,
				1C6240AD2ADE955C002223F9 /* Assets.xcassets in Resources */,
			);
			runOnlyForDeploymentPostprocessing = 0;
		};
/* End PBXResourcesBuildPhase section */

/* Begin PBXSourcesBuildPhase section */
		1C6240A12ADE9559002223F9 /* Sources */ = {
			isa = PBXSourcesBuildPhase;
			buildActionMask = 2147483647;
			files = (
				1C6240B82ADEB914002223F9 /* HomeView.swift in Sources */,
				1C088B2F2ADF166000007049 /* CardsClass.swift in Sources */,
				1C088B2A2ADEE45A00007049 /* PromoCard.swift in Sources */,
				1C6240AB2ADE9559002223F9 /* LandingView.swift in Sources */,
				1C088B2C2ADEFD2E00007049 /* Cards.swift in Sources */,
				1C088B282ADECCCA00007049 /* BottomTabBar.swift in Sources */,
				1C6240A92ADE9559002223F9 /* CoffeeApp.swift in Sources */,
				1C088B312ADF17ED00007049 /* NotificationsView.swift in Sources */,
				1C088B332ADF182300007049 /* OrdersView.swift in Sources */,
				1C088B352ADF182E00007049 /* LikedItemsView.swift in Sources */,
			);
			runOnlyForDeploymentPostprocessing = 0;
		};
/* End PBXSourcesBuildPhase section */

/* Begin XCBuildConfiguration section */
		1C6240B12ADE955C002223F9 /* Debug */ = {
			isa = XCBuildConfiguration;
			buildSettings = {
				ALWAYS_SEARCH_USER_PATHS = NO;
				ASSETCATALOG_COMPILER_GENERATE_SWIFT_ASSET_SYMBOL_EXTENSIONS = YES;
				CLANG_ANALYZER_NONNULL = YES;
				CLANG_ANALYZER_NUMBER_OBJECT_CONVERSION = YES_AGGRESSIVE;
				CLANG_CXX_LANGUAGE_STANDARD = "gnu++20";
				CLANG_ENABLE_MODULES = YES;
				CLANG_ENABLE_OBJC_ARC = YES;
				CLANG_ENABLE_OBJC_WEAK = YES;
				CLANG_WARN_BLOCK_CAPTURE_AUTORELEASING = YES;
				CLANG_WARN_BOOL_CONVERSION = YES;
				CLANG_WARN_COMMA = YES;
				CLANG_WARN_CONSTANT_CONVERSION = YES;
				CLANG_WARN_DEPRECATED_OBJC_IMPLEMENTATIONS = YES;
				CLANG_WARN_DIRECT_OBJC_ISA_USAGE = YES_ERROR;
				CLANG_WARN_DOCUMENTATION_COMMENTS = YES;
				CLANG_WARN_EMPTY_BODY = YES;
				CLANG_WARN_ENUM_CONVERSION = YES;
				CLANG_WARN_INFINITE_RECURSION = YES;
				CLANG_WARN_INT_CONVERSION = YES;
				CLANG_WARN_NON_LITERAL_NULL_CONVERSION = YES;
				CLANG_WARN_OBJC_IMPLICIT_RETAIN_SELF = YES;
				CLANG_WARN_OBJC_LITERAL_CONVERSION = YES;
				CLANG_WARN_OBJC_ROOT_CLASS = YES_ERROR;
				CLANG_WARN_QUOTED_INCLUDE_IN_FRAMEWORK_HEADER = YES;
				CLANG_WARN_RANGE_LOOP_ANALYSIS = YES;
				CLANG_WARN_STRICT_PROTOTYPES = YES;
				CLANG_WARN_SUSPICIOUS_MOVE = YES;
				CLANG_WARN_UNGUARDED_AVAILABILITY = YES_AGGRESSIVE;
				CLANG_WARN_UNREACHABLE_CODE = YES;
				CLANG_WARN__DUPLICATE_METHOD_MATCH = YES;
				COPY_PHASE_STRIP = NO;
				DEBUG_INFORMATION_FORMAT = dwarf;
				ENABLE_STRICT_OBJC_MSGSEND = YES;
				ENABLE_TESTABILITY = YES;
				ENABLE_USER_SCRIPT_SANDBOXING = YES;
				GCC_C_LANGUAGE_STANDARD = gnu17;
				GCC_DYNAMIC_NO_PIC = NO;
				GCC_NO_COMMON_BLOCKS = YES;
				GCC_OPTIMIZATION_LEVEL = 0;
				GCC_PREPROCESSOR_DEFINITIONS = (
					"DEBUG=1",
					"$(inherited)",
				);
				GCC_WARN_64_TO_32_BIT_CONVERSION = YES;
				GCC_WARN_ABOUT_RETURN_TYPE = YES_ERROR;
				GCC_WARN_UNDECLARED_SELECTOR = YES;
				GCC_WARN_UNINITIALIZED_AUTOS = YES_AGGRESSIVE;
				GCC_WARN_UNUSED_FUNCTION = YES;
				GCC_WARN_UNUSED_VARIABLE = YES;
				IPHONEOS_DEPLOYMENT_TARGET = 17.0;
				LOCALIZATION_PREFERS_STRING_CATALOGS = YES;
				MTL_ENABLE_DEBUG_INFO = INCLUDE_SOURCE;
				MTL_FAST_MATH = YES;
				ONLY_ACTIVE_ARCH = YES;
				SDKROOT = iphoneos;
				SWIFT_ACTIVE_COMPILATION_CONDITIONS = "DEBUG $(inherited)";
				SWIFT_OPTIMIZATION_LEVEL = "-Onone";
			};
			name = Debug;
		};
		1C6240B22ADE955C002223F9 /* Release */ = {
			isa = XCBuildConfiguration;
			buildSettings = {
				ALWAYS_SEARCH_USER_PATHS = NO;
				ASSETCATALOG_COMPILER_GENERATE_SWIFT_ASSET_SYMBOL_EXTENSIONS = YES;
				CLANG_ANALYZER_NONNULL = YES;
				CLANG_ANALYZER_NUMBER_OBJECT_CONVERSION = YES_AGGRESSIVE;
				CLANG_CXX_LANGUAGE_STANDARD = "gnu++20";
				CLANG_ENABLE_MODULES = YES;
				CLANG_ENABLE_OBJC_ARC = YES;
				CLANG_ENABLE_OBJC_WEAK = YES;
				CLANG_WARN_BLOCK_CAPTURE_AUTORELEASING = YES;
				CLANG_WARN_BOOL_CONVERSION = YES;
				CLANG_WARN_COMMA = YES;
				CLANG_WARN_CONSTANT_CONVERSION = YES;
				CLANG_WARN_DEPRECATED_OBJC_IMPLEMENTATIONS = YES;
				CLANG_WARN_DIRECT_OBJC_ISA_USAGE = YES_ERROR;
				CLANG_WARN_DOCUMENTATION_COMMENTS = YES;
				CLANG_WARN_EMPTY_BODY = YES;
				CLANG_WARN_ENUM_CONVERSION = YES;
				CLANG_WARN_INFINITE_RECURSION = YES;
				CLANG_WARN_INT_CONVERSION = YES;
				CLANG_WARN_NON_LITERAL_NULL_CONVERSION = YES;
				CLANG_WARN_OBJC_IMPLICIT_RETAIN_SELF = YES;
				CLANG_WARN_OBJC_LITERAL_CONVERSION = YES;
				CLANG_WARN_OBJC_ROOT_CLASS = YES_ERROR;
				CLANG_WARN_QUOTED_INCLUDE_IN_FRAMEWORK_HEADER = YES;
				CLANG_WARN_RANGE_LOOP_ANALYSIS = YES;
				CLANG_WARN_STRICT_PROTOTYPES = YES;
				CLANG_WARN_SUSPICIOUS_MOVE = YES;
				CLANG_WARN_UNGUARDED_AVAILABILITY = YES_AGGRESSIVE;
				CLANG_WARN_UNREACHABLE_CODE = YES;
				CLANG_WARN__DUPLICATE_METHOD_MATCH = YES;
				COPY_PHASE_STRIP = NO;
				DEBUG_INFORMATION_FORMAT = "dwarf-with-dsym";
				ENABLE_NS_ASSERTIONS = NO;
				ENABLE_STRICT_OBJC_MSGSEND = YES;
				ENABLE_USER_SCRIPT_SANDBOXING = YES;
				GCC_C_LANGUAGE_STANDARD = gnu17;
				GCC_NO_COMMON_BLOCKS = YES;
				GCC_WARN_64_TO_32_BIT_CONVERSION = YES;
				GCC_WARN_ABOUT_RETURN_TYPE = YES_ERROR;
				GCC_WARN_UNDECLARED_SELECTOR = YES;
				GCC_WARN_UNINITIALIZED_AUTOS = YES_AGGRESSIVE;
				GCC_WARN_UNUSED_FUNCTION = YES;
				GCC_WARN_UNUSED_VARIABLE = YES;
				IPHONEOS_DEPLOYMENT_TARGET = 17.0;
				LOCALIZATION_PREFERS_STRING_CATALOGS = YES;
				MTL_ENABLE_DEBUG_INFO = NO;
				MTL_FAST_MATH = YES;
				SDKROOT = iphoneos;
				SWIFT_COMPILATION_MODE = wholemodule;
				VALIDATE_PRODUCT = YES;
			};
			name = Release;
		};
		1C6240B42ADE955C002223F9 /* Debug */ = {
			isa = XCBuildConfiguration;
			buildSettings = {
				ASSETCATALOG_COMPILER_APPICON_NAME = AppIcon;
				ASSETCATALOG_COMPILER_GLOBAL_ACCENT_COLOR_NAME = AccentColor;
				CODE_SIGN_STYLE = Automatic;
				CURRENT_PROJECT_VERSION = 1;
				DEVELOPMENT_ASSET_PATHS = "\"Coffee/Preview Content\"";
				DEVELOPMENT_TEAM = H4T4L9YN69;
				ENABLE_PREVIEWS = YES;
				GENERATE_INFOPLIST_FILE = YES;
				INFOPLIST_KEY_UIApplicationSceneManifest_Generation = YES;
				INFOPLIST_KEY_UIApplicationSupportsIndirectInputEvents = YES;
				INFOPLIST_KEY_UILaunchScreen_Generation = YES;
				INFOPLIST_KEY_UISupportedInterfaceOrientations_iPad = "UIInterfaceOrientationPortrait UIInterfaceOrientationPortraitUpsideDown UIInterfaceOrientationLandscapeLeft UIInterfaceOrientationLandscapeRight";
				INFOPLIST_KEY_UISupportedInterfaceOrientations_iPhone = "UIInterfaceOrientationPortrait UIInterfaceOrientationLandscapeLeft UIInterfaceOrientationLandscapeRight";
				LD_RUNPATH_SEARCH_PATHS = (
					"$(inherited)",
					"@executable_path/Frameworks",
				);
				MARKETING_VERSION = 1.0;
				PRODUCT_BUNDLE_IDENTIFIER = com.presidio.Coffee;
				PRODUCT_NAME = "$(TARGET_NAME)";
				SWIFT_EMIT_LOC_STRINGS = YES;
				SWIFT_VERSION = 5.0;
				TARGETED_DEVICE_FAMILY = "1,2";
			};
			name = Debug;
		};
		1C6240B52ADE955C002223F9 /* Release */ = {
			isa = XCBuildConfiguration;
			buildSettings = {
				ASSETCATALOG_COMPILER_APPICON_NAME = AppIcon;
				ASSETCATALOG_COMPILER_GLOBAL_ACCENT_COLOR_NAME = AccentColor;
				CODE_SIGN_STYLE = Automatic;
				CURRENT_PROJECT_VERSION = 1;
				DEVELOPMENT_ASSET_PATHS = "\"Coffee/Preview Content\"";
				DEVELOPMENT_TEAM = H4T4L9YN69;
				ENABLE_PREVIEWS = YES;
				GENERATE_INFOPLIST_FILE = YES;
				INFOPLIST_KEY_UIApplicationSceneManifest_Generation = YES;
				INFOPLIST_KEY_UIApplicationSupportsIndirectInputEvents = YES;
				INFOPLIST_KEY_UILaunchScreen_Generation = YES;
				INFOPLIST_KEY_UISupportedInterfaceOrientations_iPad = "UIInterfaceOrientationPortrait UIInterfaceOrientationPortraitUpsideDown UIInterfaceOrientationLandscapeLeft UIInterfaceOrientationLandscapeRight";
				INFOPLIST_KEY_UISupportedInterfaceOrientations_iPhone = "UIInterfaceOrientationPortrait UIInterfaceOrientationLandscapeLeft UIInterfaceOrientationLandscapeRight";
				LD_RUNPATH_SEARCH_PATHS = (
					"$(inherited)",
					"@executable_path/Frameworks",
				);
				MARKETING_VERSION = 1.0;
				PRODUCT_BUNDLE_IDENTIFIER = com.presidio.Coffee;
				PRODUCT_NAME = "$(TARGET_NAME)";
				SWIFT_EMIT_LOC_STRINGS = YES;
				SWIFT_VERSION = 5.0;
				TARGETED_DEVICE_FAMILY = "1,2";
			};
			name = Release;
		};
/* End XCBuildConfiguration section */

/* Begin XCConfigurationList section */
		1C6240A02ADE9559002223F9 /* Build configuration list for PBXProject "Coffee" */ = {
			isa = XCConfigurationList;
			buildConfigurations = (
				1C6240B12ADE955C002223F9 /* Debug */,
				1C6240B22ADE955C002223F9 /* Release */,
			);
			defaultConfigurationIsVisible = 0;
			defaultConfigurationName = Release;
		};
		1C6240B32ADE955C002223F9 /* Build configuration list for PBXNativeTarget "Coffee" */ = {
			isa = XCConfigurationList;
			buildConfigurations = (
				1C6240B42ADE955C002223F9 /* Debug */,
				1C6240B52ADE955C002223F9 /* Release */,
			);
			defaultConfigurationIsVisible = 0;
			defaultConfigurationName = Release;
		};
/* End XCConfigurationList section */
	};
	rootObject = 1C62409D2ADE9559002223F9 /* Project object */;
}
