// !$*UTF8*$!
{
	archiveVersion = 1;
	classes = {
	};
	objectVersion = 56;
	objects = {

/* Begin PBXBuildFile section */
		1C5ED2B42ACFCE0F00E3A1F0 /* prograd_swiftUiApp.swift in Sources */ = {isa = PBXBuildFile; fileRef = 1C5ED2B32ACFCE0F00E3A1F0 /* prograd_swiftUiApp.swift */; };
		1C5ED2B62ACFCE0F00E3A1F0 /* ContentView.swift in Sources */ = {isa = PBXBuildFile; fileRef = 1C5ED2B52ACFCE0F00E3A1F0 /* ContentView.swift */; };
		1C5ED2B82ACFCE1000E3A1F0 /* Assets.xcassets in Resources */ = {isa = PBXBuildFile; fileRef = 1C5ED2B72ACFCE1000E3A1F0 /* Assets.xcassets */; };
		1C5ED2BB2ACFCE1000E3A1F0 /* Preview Assets.xcassets in Resources */ = {isa = PBXBuildFile; fileRef = 1C5ED2BA2ACFCE1000E3A1F0 /* Preview Assets.xcassets */; };
		1C5ED2C22ACFEC8E00E3A1F0 /* LetsGoDutch.swift in Sources */ = {isa = PBXBuildFile; fileRef = 1C5ED2C12ACFEC8E00E3A1F0 /* LetsGoDutch.swift */; };
		1C5ED2C42ACFEEF200E3A1F0 /* RgbSlider.swift in Sources */ = {isa = PBXBuildFile; fileRef = 1C5ED2C32ACFEEF200E3A1F0 /* RgbSlider.swift */; };
		1C6240182AD3BCF4002223F9 /* SectionListView.swift in Sources */ = {isa = PBXBuildFile; fileRef = 1C6240172AD3BCF4002223F9 /* SectionListView.swift */; };
		1C62401A2AD3BF5B002223F9 /* ListView.swift in Sources */ = {isa = PBXBuildFile; fileRef = 1C6240192AD3BF5B002223F9 /* ListView.swift */; };
		1C62401C2AD3BF65002223F9 /* CarRow.swift in Sources */ = {isa = PBXBuildFile; fileRef = 1C62401B2AD3BF65002223F9 /* CarRow.swift */; };
		1C62401E2AD3BF71002223F9 /* CircularImage.swift in Sources */ = {isa = PBXBuildFile; fileRef = 1C62401D2AD3BF71002223F9 /* CircularImage.swift */; };
		1C6240202AD3F51C002223F9 /* Profile.swift in Sources */ = {isa = PBXBuildFile; fileRef = 1C62401F2AD3F51C002223F9 /* Profile.swift */; };
		1C6240222AD3FD9C002223F9 /* ProfileImage.swift in Sources */ = {isa = PBXBuildFile; fileRef = 1C6240212AD3FD9C002223F9 /* ProfileImage.swift */; };
/* End PBXBuildFile section */

/* Begin PBXFileReference section */
		1C5ED2B02ACFCE0F00E3A1F0 /* prograd-swiftUi.app */ = {isa = PBXFileReference; explicitFileType = wrapper.application; includeInIndex = 0; path = "prograd-swiftUi.app"; sourceTree = BUILT_PRODUCTS_DIR; };
		1C5ED2B32ACFCE0F00E3A1F0 /* prograd_swiftUiApp.swift */ = {isa = PBXFileReference; lastKnownFileType = sourcecode.swift; path = prograd_swiftUiApp.swift; sourceTree = "<group>"; };
		1C5ED2B52ACFCE0F00E3A1F0 /* ContentView.swift */ = {isa = PBXFileReference; lastKnownFileType = sourcecode.swift; path = ContentView.swift; sourceTree = "<group>"; };
		1C5ED2B72ACFCE1000E3A1F0 /* Assets.xcassets */ = {isa = PBXFileReference; lastKnownFileType = folder.assetcatalog; path = Assets.xcassets; sourceTree = "<group>"; };
		1C5ED2BA2ACFCE1000E3A1F0 /* Preview Assets.xcassets */ = {isa = PBXFileReference; lastKnownFileType = folder.assetcatalog; path = "Preview Assets.xcassets"; sourceTree = "<group>"; };
		1C5ED2C12ACFEC8E00E3A1F0 /* LetsGoDutch.swift */ = {isa = PBXFileReference; lastKnownFileType = sourcecode.swift; path = LetsGoDutch.swift; sourceTree = "<group>"; };
		1C5ED2C32ACFEEF200E3A1F0 /* RgbSlider.swift */ = {isa = PBXFileReference; lastKnownFileType = sourcecode.swift; path = RgbSlider.swift; sourceTree = "<group>"; };
		1C6240172AD3BCF4002223F9 /* SectionListView.swift */ = {isa = PBXFileReference; lastKnownFileType = sourcecode.swift; path = SectionListView.swift; sourceTree = "<group>"; };
		1C6240192AD3BF5B002223F9 /* ListView.swift */ = {isa = PBXFileReference; lastKnownFileType = sourcecode.swift; path = ListView.swift; sourceTree = "<group>"; };
		1C62401B2AD3BF65002223F9 /* CarRow.swift */ = {isa = PBXFileReference; lastKnownFileType = sourcecode.swift; name = CarRow.swift; path = ../CarRow.swift; sourceTree = "<group>"; };
		1C62401D2AD3BF71002223F9 /* CircularImage.swift */ = {isa = PBXFileReference; lastKnownFileType = sourcecode.swift; name = CircularImage.swift; path = ../CircularImage.swift; sourceTree = "<group>"; };
		1C62401F2AD3F51C002223F9 /* Profile.swift */ = {isa = PBXFileReference; lastKnownFileType = sourcecode.swift; path = Profile.swift; sourceTree = "<group>"; };
		1C6240212AD3FD9C002223F9 /* ProfileImage.swift */ = {isa = PBXFileReference; lastKnownFileType = sourcecode.swift; path = ProfileImage.swift; sourceTree = "<group>"; };
/* End PBXFileReference section */

/* Begin PBXFrameworksBuildPhase section */
		1C5ED2AD2ACFCE0F00E3A1F0 /* Frameworks */ = {
			isa = PBXFrameworksBuildPhase;
			buildActionMask = 2147483647;
			files = (
			);
			runOnlyForDeploymentPostprocessing = 0;
		};
/* End PBXFrameworksBuildPhase section */

/* Begin PBXGroup section */
		1C5ED2A72ACFCE0F00E3A1F0 = {
			isa = PBXGroup;
			children = (
				1C5ED2B22ACFCE0F00E3A1F0 /* prograd-swiftUi */,
				1C5ED2B12ACFCE0F00E3A1F0 /* Products */,
			);
			sourceTree = "<group>";
		};
		1C5ED2B12ACFCE0F00E3A1F0 /* Products */ = {
			isa = PBXGroup;
			children = (
				1C5ED2B02ACFCE0F00E3A1F0 /* prograd-swiftUi.app */,
			);
			name = Products;
			sourceTree = "<group>";
		};
		1C5ED2B22ACFCE0F00E3A1F0 /* prograd-swiftUi */ = {
			isa = PBXGroup;
			children = (
				1C62401F2AD3F51C002223F9 /* Profile.swift */,
				1C62401B2AD3BF65002223F9 /* CarRow.swift */,
				1C62401D2AD3BF71002223F9 /* CircularImage.swift */,
				1C5ED2C12ACFEC8E00E3A1F0 /* LetsGoDutch.swift */,
				1C5ED2B32ACFCE0F00E3A1F0 /* prograd_swiftUiApp.swift */,
				1C5ED2C32ACFEEF200E3A1F0 /* RgbSlider.swift */,
				1C5ED2B52ACFCE0F00E3A1F0 /* ContentView.swift */,
				1C5ED2B72ACFCE1000E3A1F0 /* Assets.xcassets */,
				1C5ED2B92ACFCE1000E3A1F0 /* Preview Content */,
				1C6240172AD3BCF4002223F9 /* SectionListView.swift */,
				1C6240192AD3BF5B002223F9 /* ListView.swift */,
				1C6240212AD3FD9C002223F9 /* ProfileImage.swift */,
			);
			path = "prograd-swiftUi";
			sourceTree = "<group>";
		};
		1C5ED2B92ACFCE1000E3A1F0 /* Preview Content */ = {
			isa = PBXGroup;
			children = (
				1C5ED2BA2ACFCE1000E3A1F0 /* Preview Assets.xcassets */,
			);
			path = "Preview Content";
			sourceTree = "<group>";
		};
/* End PBXGroup section */

/* Begin PBXNativeTarget section */
		1C5ED2AF2ACFCE0F00E3A1F0 /* prograd-swiftUi */ = {
			isa = PBXNativeTarget;
			buildConfigurationList = 1C5ED2BE2ACFCE1000E3A1F0 /* Build configuration list for PBXNativeTarget "prograd-swiftUi" */;
			buildPhases = (
				1C5ED2AC2ACFCE0F00E3A1F0 /* Sources */,
				1C5ED2AD2ACFCE0F00E3A1F0 /* Frameworks */,
				1C5ED2AE2ACFCE0F00E3A1F0 /* Resources */,
			);
			buildRules = (
			);
			dependencies = (
			);
			name = "prograd-swiftUi";
			productName = "prograd-swiftUi";
			productReference = 1C5ED2B02ACFCE0F00E3A1F0 /* prograd-swiftUi.app */;
			productType = "com.apple.product-type.application";
		};
/* End PBXNativeTarget section */

/* Begin PBXProject section */
		1C5ED2A82ACFCE0F00E3A1F0 /* Project object */ = {
			isa = PBXProject;
			attributes = {
				BuildIndependentTargetsInParallel = 1;
				LastSwiftUpdateCheck = 1500;
				LastUpgradeCheck = 1500;
				TargetAttributes = {
					1C5ED2AF2ACFCE0F00E3A1F0 = {
						CreatedOnToolsVersion = 15.0;
					};
				};
			};
			buildConfigurationList = 1C5ED2AB2ACFCE0F00E3A1F0 /* Build configuration list for PBXProject "prograd-swiftUi" */;
			compatibilityVersion = "Xcode 14.0";
			developmentRegion = en;
			hasScannedForEncodings = 0;
			knownRegions = (
				en,
				Base,
			);
			mainGroup = 1C5ED2A72ACFCE0F00E3A1F0;
			productRefGroup = 1C5ED2B12ACFCE0F00E3A1F0 /* Products */;
			projectDirPath = "";
			projectRoot = "";
			targets = (
				1C5ED2AF2ACFCE0F00E3A1F0 /* prograd-swiftUi */,
			);
		};
/* End PBXProject section */

/* Begin PBXResourcesBuildPhase section */
		1C5ED2AE2ACFCE0F00E3A1F0 /* Resources */ = {
			isa = PBXResourcesBuildPhase;
			buildActionMask = 2147483647;
			files = (
				1C5ED2BB2ACFCE1000E3A1F0 /* Preview Assets.xcassets in Resources */,
				1C5ED2B82ACFCE1000E3A1F0 /* Assets.xcassets in Resources */,
			);
			runOnlyForDeploymentPostprocessing = 0;
		};
/* End PBXResourcesBuildPhase section */

/* Begin PBXSourcesBuildPhase section */
		1C5ED2AC2ACFCE0F00E3A1F0 /* Sources */ = {
			isa = PBXSourcesBuildPhase;
			buildActionMask = 2147483647;
			files = (
				1C5ED2C42ACFEEF200E3A1F0 /* RgbSlider.swift in Sources */,
				1C5ED2C22ACFEC8E00E3A1F0 /* LetsGoDutch.swift in Sources */,
				1C62401A2AD3BF5B002223F9 /* ListView.swift in Sources */,
				1C6240222AD3FD9C002223F9 /* ProfileImage.swift in Sources */,
				1C5ED2B62ACFCE0F00E3A1F0 /* ContentView.swift in Sources */,
				1C6240182AD3BCF4002223F9 /* SectionListView.swift in Sources */,
				1C5ED2B42ACFCE0F00E3A1F0 /* prograd_swiftUiApp.swift in Sources */,
				1C62401E2AD3BF71002223F9 /* CircularImage.swift in Sources */,
				1C6240202AD3F51C002223F9 /* Profile.swift in Sources */,
				1C62401C2AD3BF65002223F9 /* CarRow.swift in Sources */,
			);
			runOnlyForDeploymentPostprocessing = 0;
		};
/* End PBXSourcesBuildPhase section */

/* Begin XCBuildConfiguration section */
		1C5ED2BC2ACFCE1000E3A1F0 /* Debug */ = {
			isa = XCBuildConfiguration;
			buildSettings = {
				ALWAYS_SEARCH_USER_PATHS = NO;
				ASSETCATALOG_COMPILER_GENERATE_SWIFT_ASSET_SYMBOL_EXTENSIONS = YES;
				CLANG_ANALYZER_NONNULL = YES;
				CLANG_ANALYZER_NUMBER_OBJECT_CONVERSION = YES_AGGRESSIVE;
				CLANG_CXX_LANGUAGE_STANDARD = "gnu++20";
				CLANG_ENABLE_MODULES = YES;
				CLANG_ENABLE_OBJC_ARC = YES;
				CLANG_ENABLE_OBJC_WEAK = YES;
				CLANG_WARN_BLOCK_CAPTURE_AUTORELEASING = YES;
				CLANG_WARN_BOOL_CONVERSION = YES;
				CLANG_WARN_COMMA = YES;
				CLANG_WARN_CONSTANT_CONVERSION = YES;
				CLANG_WARN_DEPRECATED_OBJC_IMPLEMENTATIONS = YES;
				CLANG_WARN_DIRECT_OBJC_ISA_USAGE = YES_ERROR;
				CLANG_WARN_DOCUMENTATION_COMMENTS = YES;
				CLANG_WARN_EMPTY_BODY = YES;
				CLANG_WARN_ENUM_CONVERSION = YES;
				CLANG_WARN_INFINITE_RECURSION = YES;
				CLANG_WARN_INT_CONVERSION = YES;
				CLANG_WARN_NON_LITERAL_NULL_CONVERSION = YES;
				CLANG_WARN_OBJC_IMPLICIT_RETAIN_SELF = YES;
				CLANG_WARN_OBJC_LITERAL_CONVERSION = YES;
				CLANG_WARN_OBJC_ROOT_CLASS = YES_ERROR;
				CLANG_WARN_QUOTED_INCLUDE_IN_FRAMEWORK_HEADER = YES;
				CLANG_WARN_RANGE_LOOP_ANALYSIS = YES;
				CLANG_WARN_STRICT_PROTOTYPES = YES;
				CLANG_WARN_SUSPICIOUS_MOVE = YES;
				CLANG_WARN_UNGUARDED_AVAILABILITY = YES_AGGRESSIVE;
				CLANG_WARN_UNREACHABLE_CODE = YES;
				CLANG_WARN__DUPLICATE_METHOD_MATCH = YES;
				COPY_PHASE_STRIP = NO;
				DEBUG_INFORMATION_FORMAT = dwarf;
				ENABLE_STRICT_OBJC_MSGSEND = YES;
				ENABLE_TESTABILITY = YES;
				ENABLE_USER_SCRIPT_SANDBOXING = YES;
				GCC_C_LANGUAGE_STANDARD = gnu17;
				GCC_DYNAMIC_NO_PIC = NO;
				GCC_NO_COMMON_BLOCKS = YES;
				GCC_OPTIMIZATION_LEVEL = 0;
				GCC_PREPROCESSOR_DEFINITIONS = (
					"DEBUG=1",
					"$(inherited)",
				);
				GCC_WARN_64_TO_32_BIT_CONVERSION = YES;
				GCC_WARN_ABOUT_RETURN_TYPE = YES_ERROR;
				GCC_WARN_UNDECLARED_SELECTOR = YES;
				GCC_WARN_UNINITIALIZED_AUTOS = YES_AGGRESSIVE;
				GCC_WARN_UNUSED_FUNCTION = YES;
				GCC_WARN_UNUSED_VARIABLE = YES;
				IPHONEOS_DEPLOYMENT_TARGET = 17.0;
				LOCALIZATION_PREFERS_STRING_CATALOGS = YES;
				MTL_ENABLE_DEBUG_INFO = INCLUDE_SOURCE;
				MTL_FAST_MATH = YES;
				ONLY_ACTIVE_ARCH = YES;
				SDKROOT = iphoneos;
				SWIFT_ACTIVE_COMPILATION_CONDITIONS = "DEBUG $(inherited)";
				SWIFT_OPTIMIZATION_LEVEL = "-Onone";
			};
			name = Debug;
		};
		1C5ED2BD2ACFCE1000E3A1F0 /* Release */ = {
			isa = XCBuildConfiguration;
			buildSettings = {
				ALWAYS_SEARCH_USER_PATHS = NO;
				ASSETCATALOG_COMPILER_GENERATE_SWIFT_ASSET_SYMBOL_EXTENSIONS = YES;
				CLANG_ANALYZER_NONNULL = YES;
				CLANG_ANALYZER_NUMBER_OBJECT_CONVERSION = YES_AGGRESSIVE;
				CLANG_CXX_LANGUAGE_STANDARD = "gnu++20";
				CLANG_ENABLE_MODULES = YES;
				CLANG_ENABLE_OBJC_ARC = YES;
				CLANG_ENABLE_OBJC_WEAK = YES;
				CLANG_WARN_BLOCK_CAPTURE_AUTORELEASING = YES;
				CLANG_WARN_BOOL_CONVERSION = YES;
				CLANG_WARN_COMMA = YES;
				CLANG_WARN_CONSTANT_CONVERSION = YES;
				CLANG_WARN_DEPRECATED_OBJC_IMPLEMENTATIONS = YES;
				CLANG_WARN_DIRECT_OBJC_ISA_USAGE = YES_ERROR;
				CLANG_WARN_DOCUMENTATION_COMMENTS = YES;
				CLANG_WARN_EMPTY_BODY = YES;
				CLANG_WARN_ENUM_CONVERSION = YES;
				CLANG_WARN_INFINITE_RECURSION = YES;
				CLANG_WARN_INT_CONVERSION = YES;
				CLANG_WARN_NON_LITERAL_NULL_CONVERSION = YES;
				CLANG_WARN_OBJC_IMPLICIT_RETAIN_SELF = YES;
				CLANG_WARN_OBJC_LITERAL_CONVERSION = YES;
				CLANG_WARN_OBJC_ROOT_CLASS = YES_ERROR;
				CLANG_WARN_QUOTED_INCLUDE_IN_FRAMEWORK_HEADER = YES;
				CLANG_WARN_RANGE_LOOP_ANALYSIS = YES;
				CLANG_WARN_STRICT_PROTOTYPES = YES;
				CLANG_WARN_SUSPICIOUS_MOVE = YES;
				CLANG_WARN_UNGUARDED_AVAILABILITY = YES_AGGRESSIVE;
				CLANG_WARN_UNREACHABLE_CODE = YES;
				CLANG_WARN__DUPLICATE_METHOD_MATCH = YES;
				COPY_PHASE_STRIP = NO;
				DEBUG_INFORMATION_FORMAT = "dwarf-with-dsym";
				ENABLE_NS_ASSERTIONS = NO;
				ENABLE_STRICT_OBJC_MSGSEND = YES;
				ENABLE_USER_SCRIPT_SANDBOXING = YES;
				GCC_C_LANGUAGE_STANDARD = gnu17;
				GCC_NO_COMMON_BLOCKS = YES;
				GCC_WARN_64_TO_32_BIT_CONVERSION = YES;
				GCC_WARN_ABOUT_RETURN_TYPE = YES_ERROR;
				GCC_WARN_UNDECLARED_SELECTOR = YES;
				GCC_WARN_UNINITIALIZED_AUTOS = YES_AGGRESSIVE;
				GCC_WARN_UNUSED_FUNCTION = YES;
				GCC_WARN_UNUSED_VARIABLE = YES;
				IPHONEOS_DEPLOYMENT_TARGET = 17.0;
				LOCALIZATION_PREFERS_STRING_CATALOGS = YES;
				MTL_ENABLE_DEBUG_INFO = NO;
				MTL_FAST_MATH = YES;
				SDKROOT = iphoneos;
				SWIFT_COMPILATION_MODE = wholemodule;
				VALIDATE_PRODUCT = YES;
			};
			name = Release;
		};
		1C5ED2BF2ACFCE1000E3A1F0 /* Debug */ = {
			isa = XCBuildConfiguration;
			buildSettings = {
				ASSETCATALOG_COMPILER_APPICON_NAME = AppIcon;
				ASSETCATALOG_COMPILER_GLOBAL_ACCENT_COLOR_NAME = AccentColor;
				CODE_SIGN_STYLE = Automatic;
				CURRENT_PROJECT_VERSION = 1;
				DEVELOPMENT_ASSET_PATHS = "\"prograd-swiftUi/Preview Content\"";
				DEVELOPMENT_TEAM = H4T4L9YN69;
				ENABLE_PREVIEWS = YES;
				GENERATE_INFOPLIST_FILE = YES;
				INFOPLIST_KEY_UIApplicationSceneManifest_Generation = YES;
				INFOPLIST_KEY_UIApplicationSupportsIndirectInputEvents = YES;
				INFOPLIST_KEY_UILaunchScreen_Generation = YES;
				INFOPLIST_KEY_UISupportedInterfaceOrientations_iPad = "UIInterfaceOrientationPortrait UIInterfaceOrientationPortraitUpsideDown UIInterfaceOrientationLandscapeLeft UIInterfaceOrientationLandscapeRight";
				INFOPLIST_KEY_UISupportedInterfaceOrientations_iPhone = "UIInterfaceOrientationPortrait UIInterfaceOrientationLandscapeLeft UIInterfaceOrientationLandscapeRight";
				LD_RUNPATH_SEARCH_PATHS = (
					"$(inherited)",
					"@executable_path/Frameworks",
				);
				MARKETING_VERSION = 1.0;
				PRODUCT_BUNDLE_IDENTIFIER = "com.presidio.prograd-swiftUi";
				PRODUCT_NAME = "$(TARGET_NAME)";
				SWIFT_EMIT_LOC_STRINGS = YES;
				SWIFT_VERSION = 5.0;
				TARGETED_DEVICE_FAMILY = "1,2";
			};
			name = Debug;
		};
		1C5ED2C02ACFCE1000E3A1F0 /* Release */ = {
			isa = XCBuildConfiguration;
			buildSettings = {
				ASSETCATALOG_COMPILER_APPICON_NAME = AppIcon;
				ASSETCATALOG_COMPILER_GLOBAL_ACCENT_COLOR_NAME = AccentColor;
				CODE_SIGN_STYLE = Automatic;
				CURRENT_PROJECT_VERSION = 1;
				DEVELOPMENT_ASSET_PATHS = "\"prograd-swiftUi/Preview Content\"";
				DEVELOPMENT_TEAM = H4T4L9YN69;
				ENABLE_PREVIEWS = YES;
				GENERATE_INFOPLIST_FILE = YES;
				INFOPLIST_KEY_UIApplicationSceneManifest_Generation = YES;
				INFOPLIST_KEY_UIApplicationSupportsIndirectInputEvents = YES;
				INFOPLIST_KEY_UILaunchScreen_Generation = YES;
				INFOPLIST_KEY_UISupportedInterfaceOrientations_iPad = "UIInterfaceOrientationPortrait UIInterfaceOrientationPortraitUpsideDown UIInterfaceOrientationLandscapeLeft UIInterfaceOrientationLandscapeRight";
				INFOPLIST_KEY_UISupportedInterfaceOrientations_iPhone = "UIInterfaceOrientationPortrait UIInterfaceOrientationLandscapeLeft UIInterfaceOrientationLandscapeRight";
				LD_RUNPATH_SEARCH_PATHS = (
					"$(inherited)",
					"@executable_path/Frameworks",
				);
				MARKETING_VERSION = 1.0;
				PRODUCT_BUNDLE_IDENTIFIER = "com.presidio.prograd-swiftUi";
				PRODUCT_NAME = "$(TARGET_NAME)";
				SWIFT_EMIT_LOC_STRINGS = YES;
				SWIFT_VERSION = 5.0;
				TARGETED_DEVICE_FAMILY = "1,2";
			};
			name = Release;
		};
/* End XCBuildConfiguration section */

/* Begin XCConfigurationList section */
		1C5ED2AB2ACFCE0F00E3A1F0 /* Build configuration list for PBXProject "prograd-swiftUi" */ = {
			isa = XCConfigurationList;
			buildConfigurations = (
				1C5ED2BC2ACFCE1000E3A1F0 /* Debug */,
				1C5ED2BD2ACFCE1000E3A1F0 /* Release */,
			);
			defaultConfigurationIsVisible = 0;
			defaultConfigurationName = Release;
		};
		1C5ED2BE2ACFCE1000E3A1F0 /* Build configuration list for PBXNativeTarget "prograd-swiftUi" */ = {
			isa = XCConfigurationList;
			buildConfigurations = (
				1C5ED2BF2ACFCE1000E3A1F0 /* Debug */,
				1C5ED2C02ACFCE1000E3A1F0 /* Release */,
			);
			defaultConfigurationIsVisible = 0;
			defaultConfigurationName = Release;
		};
/* End XCConfigurationList section */
	};
	rootObject = 1C5ED2A82ACFCE0F00E3A1F0 /* Project object */;
}
